
Microsoft Visual Studio Solution File, Format Version 12.00
# Visual Studio Version 17
VisualStudioVersion = 17.0.31903.59
MinimumVisualStudioVersion = 10.0.40219.1
Project("{2150E333-8FDC-42A3-9474-1A3956D46DE8}") = "src", "src", "{827E0CD3-B72D-47B6-A68D-7590B98EB39B}"
EndProject
Project("{2150E333-8FDC-42A3-9474-1A3956D46DE8}") = "BuildingBlocks", "BuildingBlocks", "{90298CBA-BD6F-3A0A-69D5-97CAD7B05E7E}"
EndProject
Project("{2150E333-8FDC-42A3-9474-1A3956D46DE8}") = "Contracts", "Contracts", "{6A36946C-4F06-BE70-24E6-0B0F125A7F9F}"
EndProject
Project("{FAE04EC0-301F-11D3-BF4B-00C04F79EFBC}") = "MediaTrust.Contracts", "src\BuildingBlocks\Contracts\MediaTrust.Contracts.csproj", "{6ED74FCD-0A6E-4D7D-961A-A014EE16BB14}"
EndProject
Project("{2150E333-8FDC-42A3-9474-1A3956D46DE8}") = "Gateway", "Gateway", "{6306A8FB-679E-111F-6585-8F70E0EE6013}"
EndProject
Project("{FAE04EC0-301F-11D3-BF4B-00C04F79EFBC}") = "MediaTrust.Gateway", "src\Gateway\MediaTrust.Gateway.csproj", "{4719F11E-2F65-4F28-9BB2-EBE429FE716A}"
EndProject
Project("{2150E333-8FDC-42A3-9474-1A3956D46DE8}") = "Ingest", "Ingest", "{43898F3E-F236-EB70-4633-F7148642AFA7}"
EndProject
Project("{FAE04EC0-301F-11D3-BF4B-00C04F79EFBC}") = "MediaTrust.Ingest", "src\Ingest\MediaTrust.Ingest.csproj", "{DA725755-D556-46DC-91EF-A136D3B0382A}"
EndProject
Project("{2150E333-8FDC-42A3-9474-1A3956D46DE8}") = "Orchestrator", "Orchestrator", "{A1D69D03-291D-DB9F-E07E-060D002C8783}"
EndProject
Project("{FAE04EC0-301F-11D3-BF4B-00C04F79EFBC}") = "MediaTrust.Orchestrator", "src\Orchestrator\MediaTrust.Orchestrator.csproj", "{4DD8E680-EC32-4B60-BBE3-9A44D70DA1FE}"
EndProject
Project("{2150E333-8FDC-42A3-9474-1A3956D46DE8}") = "Detectors", "Detectors", "{EEDA4E68-3DB7-C58E-DC30-879058DF0B30}"
EndProject
Project("{FAE04EC0-301F-11D3-BF4B-00C04F79EFBC}") = "MediaTrust.Detectors", "src\Detectors\MediaTrust.Detectors.csproj", "{940D9E9C-5C3A-48EA-B441-BF7FC0E63811}"
EndProject
Project("{2150E333-8FDC-42A3-9474-1A3956D46DE8}") = "Report", "Report", "{8E398AD0-0E3F-6157-2CED-D961337902A6}"
EndProject
Project("{FAE04EC0-301F-11D3-BF4B-00C04F79EFBC}") = "MediaTrust.Report", "src\Report\MediaTrust.Report.csproj", "{FD2C1684-190A-434D-8F29-B6F1D7FC80A6}"
EndProject
Global
	GlobalSection(SolutionConfigurationPlatforms) = preSolution
		Debug|Any CPU = Debug|Any CPU
		Debug|x64 = Debug|x64
		Debug|x86 = Debug|x86
		Release|Any CPU = Release|Any CPU
		Release|x64 = Release|x64
		Release|x86 = Release|x86
	EndGlobalSection
	GlobalSection(ProjectConfigurationPlatforms) = postSolution
		{6ED74FCD-0A6E-4D7D-961A-A014EE16BB14}.Debug|Any CPU.ActiveCfg = Debug|Any CPU
		{6ED74FCD-0A6E-4D7D-961A-A014EE16BB14}.Debug|Any CPU.Build.0 = Debug|Any CPU
		{6ED74FCD-0A6E-4D7D-961A-A014EE16BB14}.Debug|x64.ActiveCfg = Debug|Any CPU
		{6ED74FCD-0A6E-4D7D-961A-A014EE16BB14}.Debug|x64.Build.0 = Debug|Any CPU
		{6ED74FCD-0A6E-4D7D-961A-A014EE16BB14}.Debug|x86.ActiveCfg = Debug|Any CPU
		{6ED74FCD-0A6E-4D7D-961A-A014EE16BB14}.Debug|x86.Build.0 = Debug|Any CPU
		{6ED74FCD-0A6E-4D7D-961A-A014EE16BB14}.Release|Any CPU.ActiveCfg = Release|Any CPU
		{6ED74FCD-0A6E-4D7D-961A-A014EE16BB14}.Release|Any CPU.Build.0 = Release|Any CPU
		{6ED74FCD-0A6E-4D7D-961A-A014EE16BB14}.Release|x64.ActiveCfg = Release|Any CPU
		{6ED74FCD-0A6E-4D7D-961A-A014EE16BB14}.Release|x64.Build.0 = Release|Any CPU
		{6ED74FCD-0A6E-4D7D-961A-A014EE16BB14}.Release|x86.ActiveCfg = Release|Any CPU
		{6ED74FCD-0A6E-4D7D-961A-A014EE16BB14}.Release|x86.Build.0 = Release|Any CPU
		{4719F11E-2F65-4F28-9BB2-EBE429FE716A}.Debug|Any CPU.ActiveCfg = Debug|Any CPU
		{4719F11E-2F65-4F28-9BB2-EBE429FE716A}.Debug|Any CPU.Build.0 = Debug|Any CPU
		{4719F11E-2F65-4F28-9BB2-EBE429FE716A}.Debug|x64.ActiveCfg = Debug|Any CPU
		{4719F11E-2F65-4F28-9BB2-EBE429FE716A}.Debug|x64.Build.0 = Debug|Any CPU
		{4719F11E-2F65-4F28-9BB2-EBE429FE716A}.Debug|x86.ActiveCfg = Debug|Any CPU
		{4719F11E-2F65-4F28-9BB2-EBE429FE716A}.Debug|x86.Build.0 = Debug|Any CPU
		{4719F11E-2F65-4F28-9BB2-EBE429FE716A}.Release|Any CPU.ActiveCfg = Release|Any CPU
		{4719F11E-2F65-4F28-9BB2-EBE429FE716A}.Release|Any CPU.Build.0 = Release|Any CPU
		{4719F11E-2F65-4F28-9BB2-EBE429FE716A}.Release|x64.ActiveCfg = Release|Any CPU
		{4719F11E-2F65-4F28-9BB2-EBE429FE716A}.Release|x64.Build.0 = Release|Any CPU
		{4719F11E-2F65-4F28-9BB2-EBE429FE716A}.Release|x86.ActiveCfg = Release|Any CPU
		{4719F11E-2F65-4F28-9BB2-EBE429FE716A}.Release|x86.Build.0 = Release|Any CPU
		{DA725755-D556-46DC-91EF-A136D3B0382A}.Debug|Any CPU.ActiveCfg = Debug|Any CPU
		{DA725755-D556-46DC-91EF-A136D3B0382A}.Debug|Any CPU.Build.0 = Debug|Any CPU
		{DA725755-D556-46DC-91EF-A136D3B0382A}.Debug|x64.ActiveCfg = Debug|Any CPU
		{DA725755-D556-46DC-91EF-A136D3B0382A}.Debug|x64.Build.0 = Debug|Any CPU
		{DA725755-D556-46DC-91EF-A136D3B0382A}.Debug|x86.ActiveCfg = Debug|Any CPU
		{DA725755-D556-46DC-91EF-A136D3B0382A}.Debug|x86.Build.0 = Debug|Any CPU
		{DA725755-D556-46DC-91EF-A136D3B0382A}.Release|Any CPU.ActiveCfg = Release|Any CPU
		{DA725755-D556-46DC-91EF-A136D3B0382A}.Release|Any CPU.Build.0 = Release|Any CPU
		{DA725755-D556-46DC-91EF-A136D3B0382A}.Release|x64.ActiveCfg = Release|Any CPU
		{DA725755-D556-46DC-91EF-A136D3B0382A}.Release|x64.Build.0 = Release|Any CPU
		{DA725755-D556-46DC-91EF-A136D3B0382A}.Release|x86.ActiveCfg = Release|Any CPU
		{DA725755-D556-46DC-91EF-A136D3B0382A}.Release|x86.Build.0 = Release|Any CPU
		{4DD8E680-EC32-4B60-BBE3-9A44D70DA1FE}.Debug|Any CPU.ActiveCfg = Debug|Any CPU
		{4DD8E680-EC32-4B60-BBE3-9A44D70DA1FE}.Debug|Any CPU.Build.0 = Debug|Any CPU
		{4DD8E680-EC32-4B60-BBE3-9A44D70DA1FE}.Debug|x64.ActiveCfg = Debug|Any CPU
		{4DD8E680-EC32-4B60-BBE3-9A44D70DA1FE}.Debug|x64.Build.0 = Debug|Any CPU
		{4DD8E680-EC32-4B60-BBE3-9A44D70DA1FE}.Debug|x86.ActiveCfg = Debug|Any CPU
		{4DD8E680-EC32-4B60-BBE3-9A44D70DA1FE}.Debug|x86.Build.0 = Debug|Any CPU
		{4DD8E680-EC32-4B60-BBE3-9A44D70DA1FE}.Release|Any CPU.ActiveCfg = Release|Any CPU
		{4DD8E680-EC32-4B60-BBE3-9A44D70DA1FE}.Release|Any CPU.Build.0 = Release|Any CPU
		{4DD8E680-EC32-4B60-BBE3-9A44D70DA1FE}.Release|x64.ActiveCfg = Release|Any CPU
		{4DD8E680-EC32-4B60-BBE3-9A44D70DA1FE}.Release|x64.Build.0 = Release|Any CPU
		{4DD8E680-EC32-4B60-BBE3-9A44D70DA1FE}.Release|x86.ActiveCfg = Release|Any CPU
		{4DD8E680-EC32-4B60-BBE3-9A44D70DA1FE}.Release|x86.Build.0 = Release|Any CPU
		{940D9E9C-5C3A-48EA-B441-BF7FC0E63811}.Debug|Any CPU.ActiveCfg = Debug|Any CPU
		{940D9E9C-5C3A-48EA-B441-BF7FC0E63811}.Debug|Any CPU.Build.0 = Debug|Any CPU
		{940D9E9C-5C3A-48EA-B441-BF7FC0E63811}.Debug|x64.ActiveCfg = Debug|Any CPU
		{940D9E9C-5C3A-48EA-B441-BF7FC0E63811}.Debug|x64.Build.0 = Debug|Any CPU
		{940D9E9C-5C3A-48EA-B441-BF7FC0E63811}.Debug|x86.ActiveCfg = Debug|Any CPU
		{940D9E9C-5C3A-48EA-B441-BF7FC0E63811}.Debug|x86.Build.0 = Debug|Any CPU
		{940D9E9C-5C3A-48EA-B441-BF7FC0E63811}.Release|Any CPU.ActiveCfg = Release|Any CPU
		{940D9E9C-5C3A-48EA-B441-BF7FC0E63811}.Release|Any CPU.Build.0 = Release|Any CPU
		{940D9E9C-5C3A-48EA-B441-BF7FC0E63811}.Release|x64.ActiveCfg = Release|Any CPU
		{940D9E9C-5C3A-48EA-B441-BF7FC0E63811}.Release|x64.Build.0 = Release|Any CPU
		{940D9E9C-5C3A-48EA-B441-BF7FC0E63811}.Release|x86.ActiveCfg = Release|Any CPU
		{940D9E9C-5C3A-48EA-B441-BF7FC0E63811}.Release|x86.Build.0 = Release|Any CPU
		{FD2C1684-190A-434D-8F29-B6F1D7FC80A6}.Debug|Any CPU.ActiveCfg = Debug|Any CPU
		{FD2C1684-190A-434D-8F29-B6F1D7FC80A6}.Debug|Any CPU.Build.0 = Debug|Any CPU
		{FD2C1684-190A-434D-8F29-B6F1D7FC80A6}.Debug|x64.ActiveCfg = Debug|Any CPU
		{FD2C1684-190A-434D-8F29-B6F1D7FC80A6}.Debug|x64.Build.0 = Debug|Any CPU
		{FD2C1684-190A-434D-8F29-B6F1D7FC80A6}.Debug|x86.ActiveCfg = Debug|Any CPU
		{FD2C1684-190A-434D-8F29-B6F1D7FC80A6}.Debug|x86.Build.0 = Debug|Any CPU
		{FD2C1684-190A-434D-8F29-B6F1D7FC80A6}.Release|Any CPU.ActiveCfg = Release|Any CPU
		{FD2C1684-190A-434D-8F29-B6F1D7FC80A6}.Release|Any CPU.Build.0 = Release|Any CPU
		{FD2C1684-190A-434D-8F29-B6F1D7FC80A6}.Release|x64.ActiveCfg = Release|Any CPU
		{FD2C1684-190A-434D-8F29-B6F1D7FC80A6}.Release|x64.Build.0 = Release|Any CPU
		{FD2C1684-190A-434D-8F29-B6F1D7FC80A6}.Release|x86.ActiveCfg = Release|Any CPU
		{FD2C1684-190A-434D-8F29-B6F1D7FC80A6}.Release|x86.Build.0 = Release|Any CPU
	EndGlobalSection
	GlobalSection(SolutionProperties) = preSolution
		HideSolutionNode = FALSE
	EndGlobalSection
	GlobalSection(NestedProjects) = preSolution
		{90298CBA-BD6F-3A0A-69D5-97CAD7B05E7E} = {827E0CD3-B72D-47B6-A68D-7590B98EB39B}
		{6A36946C-4F06-BE70-24E6-0B0F125A7F9F} = {90298CBA-BD6F-3A0A-69D5-97CAD7B05E7E}
		{6ED74FCD-0A6E-4D7D-961A-A014EE16BB14} = {6A36946C-4F06-BE70-24E6-0B0F125A7F9F}
		{6306A8FB-679E-111F-6585-8F70E0EE6013} = {827E0CD3-B72D-47B6-A68D-7590B98EB39B}
		{4719F11E-2F65-4F28-9BB2-EBE429FE716A} = {6306A8FB-679E-111F-6585-8F70E0EE6013}
		{43898F3E-F236-EB70-4633-F7148642AFA7} = {827E0CD3-B72D-47B6-A68D-7590B98EB39B}
		{DA725755-D556-46DC-91EF-A136D3B0382A} = {43898F3E-F236-EB70-4633-F7148642AFA7}
		{A1D69D03-291D-DB9F-E07E-060D002C8783} = {827E0CD3-B72D-47B6-A68D-7590B98EB39B}
		{4DD8E680-EC32-4B60-BBE3-9A44D70DA1FE} = {A1D69D03-291D-DB9F-E07E-060D002C8783}
		{EEDA4E68-3DB7-C58E-DC30-879058DF0B30} = {827E0CD3-B72D-47B6-A68D-7590B98EB39B}
		{940D9E9C-5C3A-48EA-B441-BF7FC0E63811} = {EEDA4E68-3DB7-C58E-DC30-879058DF0B30}
		{8E398AD0-0E3F-6157-2CED-D961337902A6} = {827E0CD3-B72D-47B6-A68D-7590B98EB39B}
		{FD2C1684-190A-434D-8F29-B6F1D7FC80A6} = {8E398AD0-0E3F-6157-2CED-D961337902A6}
	EndGlobalSection
EndGlobal
